PODS:
  - Masonry (1.1.0)
  - NestedTableView (0.1.0)

DEPENDENCIES:
  - Masonry
  - NestedTableView (from `../`)

SPEC REPOS:
  trunk:
    - Masonry

EXTERNAL SOURCES:
  NestedTableView:
    :path: "../"

SPEC CHECKSUMS:
  Masonry: 678fab65091a9290e40e2832a55e7ab731aad201
  NestedTableView: a7fa41417f9ca72b9f42c9958aa8befb40d631ce

PODFILE CHECKSUM: dc76b9fa8dd2cda09c551f4caa5f7b84e421b96a

COCOAPODS: 1.8.4
